
Microsoft Visual Studio Solution File, Format Version 12.00
# Visual Studio Version 17
VisualStudioVersion = 17.8.34330.188
MinimumVisualStudioVersion = 10.0.40219.1
Project("{FAE04EC0-301F-11D3-BF4B-00C04F79EFBC}") = "FilmesAPI", "FilmesAPI\FilmesAPI.csproj", "{838C691B-15E5-4161-AD35-6282E7086DFF}"
EndProject
Global
	GlobalSection(SolutionConfigurationPlatforms) = preSolution
		Debug|Any CPU = Debug|Any CPU
		Release|Any CPU = Release|Any CPU
	EndGlobalSection
	GlobalSection(ProjectConfigurationPlatforms) = postSolution
		{838C691B-15E5-4161-AD35-6282E7086DFF}.Debug|Any CPU.ActiveCfg = Debug|Any CPU
		{838C691B-15E5-4161-AD35-6282E7086DFF}.Debug|Any CPU.Build.0 = Debug|Any CPU
		{838C691B-15E5-4161-AD35-6282E7086DFF}.Release|Any CPU.ActiveCfg = Release|Any CPU
		{838C691B-15E5-4161-AD35-6282E7086DFF}.Release|Any CPU.Build.0 = Release|Any CPU
	EndGlobalSection
	GlobalSection(SolutionProperties) = preSolution
		HideSolutionNode = FALSE
	EndGlobalSection
	GlobalSection(ExtensibilityGlobals) = postSolution
		SolutionGuid = {241BCD12-90A1-4110-89C4-D5838B8141E6}
	EndGlobalSection
EndGlobal
